{
  "originHash" : "9f95b8541e45df98e152ddb078e332d13aa5914a1ac0b212ca8c5e48e38a1e60",
  "pins" : [
    {
      "identity" : "shoppestore",
      "kind" : "remoteSourceControl",
      "location" : "https://github.com/ShapovalovIlya/ShoppeStore.git",
      "state" : {
        "branch" : "main",
        "revision" : "0a854b8de0ff3afd4a30b7b1eb41c2d03f7636c2"
      }
    },
    {
      "identity" : "swiftfp",
      "kind" : "remoteSourceControl",
      "location" : "https://github.com/ShapovalovIlya/SwiftFP.git",
      "state" : {
        "branch" : "main",
        "revision" : "f1062eb20d5bca63655df96d22d2dfc725b5dd66"
      }
    }
  ],
  "version" : 3
}
